
Microsoft Visual Studio Solution File, Format Version 12.00
# Visual Studio Version 17
VisualStudioVersion = 17.5.002.0
MinimumVisualStudioVersion = 10.0.40219.1
Project("{9A19103F-16F7-4668-BE54-9A1E7A4F7556}") = "AfsarZSayHelloEndPoint", "AfsarZSayHelloEndPoint.csproj", "{C1A2A671-F88D-421F-8410-A9BC60B45FDB}"
EndProject
Global
	GlobalSection(SolutionConfigurationPlatforms) = preSolution
		Debug|Any CPU = Debug|Any CPU
		Release|Any CPU = Release|Any CPU
	EndGlobalSection
	GlobalSection(ProjectConfigurationPlatforms) = postSolution
		{C1A2A671-F88D-421F-8410-A9BC60B45FDB}.Debug|Any CPU.ActiveCfg = Debug|Any CPU
		{C1A2A671-F88D-421F-8410-A9BC60B45FDB}.Debug|Any CPU.Build.0 = Debug|Any CPU
		{C1A2A671-F88D-421F-8410-A9BC60B45FDB}.Release|Any CPU.ActiveCfg = Release|Any CPU
		{C1A2A671-F88D-421F-8410-A9BC60B45FDB}.Release|Any CPU.Build.0 = Release|Any CPU
	EndGlobalSection
	GlobalSection(SolutionProperties) = preSolution
		HideSolutionNode = FALSE
	EndGlobalSection
	GlobalSection(ExtensibilityGlobals) = postSolution
		SolutionGuid = {A42FD66D-84CC-49D5-9934-C8BD5AFEF2A4}
	EndGlobalSection
EndGlobal
